// !$*UTF8*$!
{
	archiveVersion = 1;
	classes = {
	};
	objectVersion = 51;
	objects = {

/* Begin PBXBuildFile section */
		8E3966A07DB45E24A1420F73 /* Pods_FirebasePhoneAuth.framework in Frameworks */ = {isa = PBXBuildFile; fileRef = 1BBB953C7EE8280E6A51BA2D /* Pods_FirebasePhoneAuth.framework */; };
		9E523ED4255BDE790017A5D7 /* FirebasePhoneAuthApp.swift in Sources */ = {isa = PBXBuildFile; fileRef = 9E523ED3255BDE790017A5D7 /* FirebasePhoneAuthApp.swift */; };
		9E523ED6255BDE790017A5D7 /* ContentView.swift in Sources */ = {isa = PBXBuildFile; fileRef = 9E523ED5255BDE790017A5D7 /* ContentView.swift */; };
		9E523ED8255BDE7C0017A5D7 /* Assets.xcassets in Resources */ = {isa = PBXBuildFile; fileRef = 9E523ED7255BDE7C0017A5D7 /* Assets.xcassets */; };
		9E523EDB255BDE7C0017A5D7 /* Preview Assets.xcassets in Resources */ = {isa = PBXBuildFile; fileRef = 9E523EDA255BDE7C0017A5D7 /* Preview Assets.xcassets */; };
		9E523EE6255BE28A0017A5D7 /* Login.swift in Sources */ = {isa = PBXBuildFile; fileRef = 9E523EE5255BE28A0017A5D7 /* Login.swift */; };
		9E523EEA255BE5260017A5D7 /* LoginViewModel.swift in Sources */ = {isa = PBXBuildFile; fileRef = 9E523EE9255BE5260017A5D7 /* LoginViewModel.swift */; };
		9E523EEF255BE9C90017A5D7 /* Countries.swift in Sources */ = {isa = PBXBuildFile; fileRef = 9E523EEE255BE9C90017A5D7 /* Countries.swift */; };
		9E523EF3255BF3110017A5D7 /* Verification.swift in Sources */ = {isa = PBXBuildFile; fileRef = 9E523EF2255BF3110017A5D7 /* Verification.swift */; };
		9E523EF7255BFAC60017A5D7 /* CustomNumberPad.swift in Sources */ = {isa = PBXBuildFile; fileRef = 9E523EF6255BFAC60017A5D7 /* CustomNumberPad.swift */; };
		9E6504E1255D44FD00F7FC20 /* AlertView.swift in Sources */ = {isa = PBXBuildFile; fileRef = 9E6504E0255D44FD00F7FC20 /* AlertView.swift */; };
		9E6504E4255D4BA000F7FC20 /* Home.swift in Sources */ = {isa = PBXBuildFile; fileRef = 9E6504E3255D4BA000F7FC20 /* Home.swift */; };
		9E6E6F7C255D413000FA6E3B /* GoogleService-Info.plist in Resources */ = {isa = PBXBuildFile; fileRef = 9E6E6F7B255D413000FA6E3B /* GoogleService-Info.plist */; };
/* End PBXBuildFile section */

/* Begin PBXFileReference section */
		1BBB953C7EE8280E6A51BA2D /* Pods_FirebasePhoneAuth.framework */ = {isa = PBXFileReference; explicitFileType = wrapper.framework; includeInIndex = 0; path = Pods_FirebasePhoneAuth.framework; sourceTree = BUILT_PRODUCTS_DIR; };
		1DD3538A4F1CF78AF2F8C84F /* Pods-FirebasePhoneAuth.release.xcconfig */ = {isa = PBXFileReference; includeInIndex = 1; lastKnownFileType = text.xcconfig; name = "Pods-FirebasePhoneAuth.release.xcconfig"; path = "Target Support Files/Pods-FirebasePhoneAuth/Pods-FirebasePhoneAuth.release.xcconfig"; sourceTree = "<group>"; };
		72896F14E1EF5FDE94DE6811 /* Pods-FirebasePhoneAuth.debug.xcconfig */ = {isa = PBXFileReference; includeInIndex = 1; lastKnownFileType = text.xcconfig; name = "Pods-FirebasePhoneAuth.debug.xcconfig"; path = "Target Support Files/Pods-FirebasePhoneAuth/Pods-FirebasePhoneAuth.debug.xcconfig"; sourceTree = "<group>"; };
		9E523ED0255BDE790017A5D7 /* FirebasePhoneAuth.app */ = {isa = PBXFileReference; explicitFileType = wrapper.application; includeInIndex = 0; path = FirebasePhoneAuth.app; sourceTree = BUILT_PRODUCTS_DIR; };
		9E523ED3255BDE790017A5D7 /* FirebasePhoneAuthApp.swift */ = {isa = PBXFileReference; lastKnownFileType = sourcecode.swift; path = FirebasePhoneAuthApp.swift; sourceTree = "<group>"; };
		9E523ED5255BDE790017A5D7 /* ContentView.swift */ = {isa = PBXFileReference; lastKnownFileType = sourcecode.swift; path = ContentView.swift; sourceTree = "<group>"; };
		9E523ED7255BDE7C0017A5D7 /* Assets.xcassets */ = {isa = PBXFileReference; lastKnownFileType = folder.assetcatalog; path = Assets.xcassets; sourceTree = "<group>"; };
		9E523EDA255BDE7C0017A5D7 /* Preview Assets.xcassets */ = {isa = PBXFileReference; lastKnownFileType = folder.assetcatalog; path = "Preview Assets.xcassets"; sourceTree = "<group>"; };
		9E523EDC255BDE7C0017A5D7 /* Info.plist */ = {isa = PBXFileReference; lastKnownFileType = text.plist.xml; path = Info.plist; sourceTree = "<group>"; };
		9E523EE5255BE28A0017A5D7 /* Login.swift */ = {isa = PBXFileReference; lastKnownFileType = sourcecode.swift; path = Login.swift; sourceTree = "<group>"; };
		9E523EE9255BE5260017A5D7 /* LoginViewModel.swift */ = {isa = PBXFileReference; lastKnownFileType = sourcecode.swift; path = LoginViewModel.swift; sourceTree = "<group>"; };
		9E523EEE255BE9C90017A5D7 /* Countries.swift */ = {isa = PBXFileReference; lastKnownFileType = sourcecode.swift; path = Countries.swift; sourceTree = "<group>"; };
		9E523EF2255BF3110017A5D7 /* Verification.swift */ = {isa = PBXFileReference; lastKnownFileType = sourcecode.swift; path = Verification.swift; sourceTree = "<group>"; };
		9E523EF6255BFAC60017A5D7 /* CustomNumberPad.swift */ = {isa = PBXFileReference; lastKnownFileType = sourcecode.swift; path = CustomNumberPad.swift; sourceTree = "<group>"; };
		9E6504E0255D44FD00F7FC20 /* AlertView.swift */ = {isa = PBXFileReference; lastKnownFileType = sourcecode.swift; path = AlertView.swift; sourceTree = "<group>"; };
		9E6504E3255D4BA000F7FC20 /* Home.swift */ = {isa = PBXFileReference; lastKnownFileType = sourcecode.swift; path = Home.swift; sourceTree = "<group>"; };
		9E6E6F7B255D413000FA6E3B /* GoogleService-Info.plist */ = {isa = PBXFileReference; fileEncoding = 4; lastKnownFileType = text.plist.xml; path = "GoogleService-Info.plist"; sourceTree = "<group>"; };
/* End PBXFileReference section */

/* Begin PBXFrameworksBuildPhase section */
		9E523ECD255BDE790017A5D7 /* Frameworks */ = {
			isa = PBXFrameworksBuildPhase;
			buildActionMask = 2147483647;
			files = (
				8E3966A07DB45E24A1420F73 /* Pods_FirebasePhoneAuth.framework in Frameworks */,
			);
			runOnlyForDeploymentPostprocessing = 0;
		};
/* End PBXFrameworksBuildPhase section */

/* Begin PBXGroup section */
		9E523EC7255BDE790017A5D7 = {
			isa = PBXGroup;
			children = (
				9E523ED2255BDE790017A5D7 /* FirebasePhoneAuth */,
				9E523ED1255BDE790017A5D7 /* Products */,
				F4CDBB7058697CB8530535FA /* Pods */,
				B282746CA18B06A7691BA814 /* Frameworks */,
			);
			sourceTree = "<group>";
		};
		9E523ED1255BDE790017A5D7 /* Products */ = {
			isa = PBXGroup;
			children = (
				9E523ED0255BDE790017A5D7 /* FirebasePhoneAuth.app */,
			);
			name = Products;
			sourceTree = "<group>";
		};
		9E523ED2255BDE790017A5D7 /* FirebasePhoneAuth */ = {
			isa = PBXGroup;
			children = (
				9E523EED255BE9BD0017A5D7 /* Model */,
				9E523EE4255BDEE30017A5D7 /* ModelView */,
				9E523EE3255BDED90017A5D7 /* View */,
				9E523ED3255BDE790017A5D7 /* FirebasePhoneAuthApp.swift */,
				9E523ED5255BDE790017A5D7 /* ContentView.swift */,
				9E6E6F7B255D413000FA6E3B /* GoogleService-Info.plist */,
				9E523ED7255BDE7C0017A5D7 /* Assets.xcassets */,
				9E523EDC255BDE7C0017A5D7 /* Info.plist */,
				9E523ED9255BDE7C0017A5D7 /* Preview Content */,
			);
			path = FirebasePhoneAuth;
			sourceTree = "<group>";
		};
		9E523ED9255BDE7C0017A5D7 /* Preview Content */ = {
			isa = PBXGroup;
			children = (
				9E523EDA255BDE7C0017A5D7 /* Preview Assets.xcassets */,
			);
			path = "Preview Content";
			sourceTree = "<group>";
		};
		9E523EE3255BDED90017A5D7 /* View */ = {
			isa = PBXGroup;
			children = (
				9E523EE5255BE28A0017A5D7 /* Login.swift */,
				9E523EF2255BF3110017A5D7 /* Verification.swift */,
				9E523EF6255BFAC60017A5D7 /* CustomNumberPad.swift */,
				9E6504E0255D44FD00F7FC20 /* AlertView.swift */,
				9E6504E3255D4BA000F7FC20 /* Home.swift */,
			);
			path = View;
			sourceTree = "<group>";
		};
		9E523EE4255BDEE30017A5D7 /* ModelView */ = {
			isa = PBXGroup;
			children = (
				9E523EE9255BE5260017A5D7 /* LoginViewModel.swift */,
			);
			path = ModelView;
			sourceTree = "<group>";
		};
		9E523EED255BE9BD0017A5D7 /* Model */ = {
			isa = PBXGroup;
			children = (
				9E523EEE255BE9C90017A5D7 /* Countries.swift */,
			);
			path = Model;
			sourceTree = "<group>";
		};
		B282746CA18B06A7691BA814 /* Frameworks */ = {
			isa = PBXGroup;
			children = (
				1BBB953C7EE8280E6A51BA2D /* Pods_FirebasePhoneAuth.framework */,
			);
			name = Frameworks;
			sourceTree = "<group>";
		};
		F4CDBB7058697CB8530535FA /* Pods */ = {
			isa = PBXGroup;
			children = (
				72896F14E1EF5FDE94DE6811 /* Pods-FirebasePhoneAuth.debug.xcconfig */,
				1DD3538A4F1CF78AF2F8C84F /* Pods-FirebasePhoneAuth.release.xcconfig */,
			);
			path = Pods;
			sourceTree = "<group>";
		};
/* End PBXGroup section */

/* Begin PBXNativeTarget section */
		9E523ECF255BDE790017A5D7 /* FirebasePhoneAuth */ = {
			isa = PBXNativeTarget;
			buildConfigurationList = 9E523EDF255BDE7C0017A5D7 /* Build configuration list for PBXNativeTarget "FirebasePhoneAuth" */;
			buildPhases = (
				CB591A3BADF9A7249E0348AD /* [CP] Check Pods Manifest.lock */,
				9E523ECC255BDE790017A5D7 /* Sources */,
				9E523ECD255BDE790017A5D7 /* Frameworks */,
				9E523ECE255BDE790017A5D7 /* Resources */,
				E039656BA52C2D9732D72729 /* [CP] Embed Pods Frameworks */,
			);
			buildRules = (
			);
			dependencies = (
			);
			name = FirebasePhoneAuth;
			productName = FirebasePhoneAuth;
			productReference = 9E523ED0255BDE790017A5D7 /* FirebasePhoneAuth.app */;
			productType = "com.apple.product-type.application";
		};
/* End PBXNativeTarget section */

/* Begin PBXProject section */
		9E523EC8255BDE790017A5D7 /* Project object */ = {
			isa = PBXProject;
			attributes = {
				LastSwiftUpdateCheck = 1210;
				LastUpgradeCheck = 1210;
				TargetAttributes = {
					9E523ECF255BDE790017A5D7 = {
						CreatedOnToolsVersion = 12.1;
					};
				};
			};
			buildConfigurationList = 9E523ECB255BDE790017A5D7 /* Build configuration list for PBXProject "FirebasePhoneAuth" */;
			compatibilityVersion = "Xcode 9.3";
			developmentRegion = en;
			hasScannedForEncodings = 0;
			knownRegions = (
				en,
				Base,
			);
			mainGroup = 9E523EC7255BDE790017A5D7;
			productRefGroup = 9E523ED1255BDE790017A5D7 /* Products */;
			projectDirPath = "";
			projectRoot = "";
			targets = (
				9E523ECF255BDE790017A5D7 /* FirebasePhoneAuth */,
			);
		};
/* End PBXProject section */

/* Begin PBXResourcesBuildPhase section */
		9E523ECE255BDE790017A5D7 /* Resources */ = {
			isa = PBXResourcesBuildPhase;
			buildActionMask = 2147483647;
			files = (
				9E523EDB255BDE7C0017A5D7 /* Preview Assets.xcassets in Resources */,
				9E523ED8255BDE7C0017A5D7 /* Assets.xcassets in Resources */,
				9E6E6F7C255D413000FA6E3B /* GoogleService-Info.plist in Resources */,
			);
			runOnlyForDeploymentPostprocessing = 0;
		};
/* End PBXResourcesBuildPhase section */

/* Begin PBXShellScriptBuildPhase section */
		CB591A3BADF9A7249E0348AD /* [CP] Check Pods Manifest.lock */ = {
			isa = PBXShellScriptBuildPhase;
			buildActionMask = 2147483647;
			files = (
			);
			inputFileListPaths = (
			);
			inputPaths = (
				"${PODS_PODFILE_DIR_PATH}/Podfile.lock",
				"${PODS_ROOT}/Manifest.lock",
			);
			name = "[CP] Check Pods Manifest.lock";
			outputFileListPaths = (
			);
			outputPaths = (
				"$(DERIVED_FILE_DIR)/Pods-FirebasePhoneAuth-checkManifestLockResult.txt",
			);
			runOnlyForDeploymentPostprocessing = 0;
			shellPath = /bin/sh;
			shellScript = "diff \"${PODS_PODFILE_DIR_PATH}/Podfile.lock\" \"${PODS_ROOT}/Manifest.lock\" > /dev/null\nif [ $? != 0 ] ; then\n    # print error to STDERR\n    echo \"error: The sandbox is not in sync with the Podfile.lock. Run 'pod install' or update your CocoaPods installation.\" >&2\n    exit 1\nfi\n# This output is used by Xcode 'outputs' to avoid re-running this script phase.\necho \"SUCCESS\" > \"${SCRIPT_OUTPUT_FILE_0}\"\n";
			showEnvVarsInLog = 0;
		};
		E039656BA52C2D9732D72729 /* [CP] Embed Pods Frameworks */ = {
			isa = PBXShellScriptBuildPhase;
			buildActionMask = 2147483647;
			files = (
			);
			inputFileListPaths = (
				"${PODS_ROOT}/Target Support Files/Pods-FirebasePhoneAuth/Pods-FirebasePhoneAuth-frameworks-${CONFIGURATION}-input-files.xcfilelist",
			);
			name = "[CP] Embed Pods Frameworks";
			outputFileListPaths = (
				"${PODS_ROOT}/Target Support Files/Pods-FirebasePhoneAuth/Pods-FirebasePhoneAuth-frameworks-${CONFIGURATION}-output-files.xcfilelist",
			);
			runOnlyForDeploymentPostprocessing = 0;
			shellPath = /bin/sh;
			shellScript = "\"${PODS_ROOT}/Target Support Files/Pods-FirebasePhoneAuth/Pods-FirebasePhoneAuth-frameworks.sh\"\n";
			showEnvVarsInLog = 0;
		};
/* End PBXShellScriptBuildPhase section */

/* Begin PBXSourcesBuildPhase section */
		9E523ECC255BDE790017A5D7 /* Sources */ = {
			isa = PBXSourcesBuildPhase;
			buildActionMask = 2147483647;
			files = (
				9E523EF3255BF3110017A5D7 /* Verification.swift in Sources */,
				9E523EE6255BE28A0017A5D7 /* Login.swift in Sources */,
				9E523ED6255BDE790017A5D7 /* ContentView.swift in Sources */,
				9E523EEA255BE5260017A5D7 /* LoginViewModel.swift in Sources */,
				9E6504E4255D4BA000F7FC20 /* Home.swift in Sources */,
				9E523EEF255BE9C90017A5D7 /* Countries.swift in Sources */,
				9E6504E1255D44FD00F7FC20 /* AlertView.swift in Sources */,
				9E523ED4255BDE790017A5D7 /* FirebasePhoneAuthApp.swift in Sources */,
				9E523EF7255BFAC60017A5D7 /* CustomNumberPad.swift in Sources */,
			);
			runOnlyForDeploymentPostprocessing = 0;
		};
/* End PBXSourcesBuildPhase section */

/* Begin XCBuildConfiguration section */
		9E523EDD255BDE7C0017A5D7 /* Debug */ = {
			isa = XCBuildConfiguration;
			buildSettings = {
				ALWAYS_SEARCH_USER_PATHS = NO;
				CLANG_ANALYZER_NONNULL = YES;
				CLANG_ANALYZER_NUMBER_OBJECT_CONVERSION = YES_AGGRESSIVE;
				CLANG_CXX_LANGUAGE_STANDARD = "gnu++14";
				CLANG_CXX_LIBRARY = "libc++";
				CLANG_ENABLE_MODULES = YES;
				CLANG_ENABLE_OBJC_ARC = YES;
				CLANG_ENABLE_OBJC_WEAK = YES;
				CLANG_WARN_BLOCK_CAPTURE_AUTORELEASING = YES;
				CLANG_WARN_BOOL_CONVERSION = YES;
				CLANG_WARN_COMMA = YES;
				CLANG_WARN_CONSTANT_CONVERSION = YES;
				CLANG_WARN_DEPRECATED_OBJC_IMPLEMENTATIONS = YES;
				CLANG_WARN_DIRECT_OBJC_ISA_USAGE = YES_ERROR;
				CLANG_WARN_DOCUMENTATION_COMMENTS = YES;
				CLANG_WARN_EMPTY_BODY = YES;
				CLANG_WARN_ENUM_CONVERSION = YES;
				CLANG_WARN_INFINITE_RECURSION = YES;
				CLANG_WARN_INT_CONVERSION = YES;
				CLANG_WARN_NON_LITERAL_NULL_CONVERSION = YES;
				CLANG_WARN_OBJC_IMPLICIT_RETAIN_SELF = YES;
				CLANG_WARN_OBJC_LITERAL_CONVERSION = YES;
				CLANG_WARN_OBJC_ROOT_CLASS = YES_ERROR;
				CLANG_WARN_QUOTED_INCLUDE_IN_FRAMEWORK_HEADER = YES;
				CLANG_WARN_RANGE_LOOP_ANALYSIS = YES;
				CLANG_WARN_STRICT_PROTOTYPES = YES;
				CLANG_WARN_SUSPICIOUS_MOVE = YES;
				CLANG_WARN_UNGUARDED_AVAILABILITY = YES_AGGRESSIVE;
				CLANG_WARN_UNREACHABLE_CODE = YES;
				CLANG_WARN__DUPLICATE_METHOD_MATCH = YES;
				COPY_PHASE_STRIP = NO;
				DEBUG_INFORMATION_FORMAT = dwarf;
				ENABLE_STRICT_OBJC_MSGSEND = YES;
				ENABLE_TESTABILITY = YES;
				GCC_C_LANGUAGE_STANDARD = gnu11;
				GCC_DYNAMIC_NO_PIC = NO;
				GCC_NO_COMMON_BLOCKS = YES;
				GCC_OPTIMIZATION_LEVEL = 0;
				GCC_PREPROCESSOR_DEFINITIONS = (
					"DEBUG=1",
					"$(inherited)",
				);
				GCC_WARN_64_TO_32_BIT_CONVERSION = YES;
				GCC_WARN_ABOUT_RETURN_TYPE = YES_ERROR;
				GCC_WARN_UNDECLARED_SELECTOR = YES;
				GCC_WARN_UNINITIALIZED_AUTOS = YES_AGGRESSIVE;
				GCC_WARN_UNUSED_FUNCTION = YES;
				GCC_WARN_UNUSED_VARIABLE = YES;
				IPHONEOS_DEPLOYMENT_TARGET = 14.1;
				MTL_ENABLE_DEBUG_INFO = INCLUDE_SOURCE;
				MTL_FAST_MATH = YES;
				ONLY_ACTIVE_ARCH = YES;
				SDKROOT = iphoneos;
				SWIFT_ACTIVE_COMPILATION_CONDITIONS = DEBUG;
				SWIFT_OPTIMIZATION_LEVEL = "-Onone";
			};
			name = Debug;
		};
		9E523EDE255BDE7C0017A5D7 /* Release */ = {
			isa = XCBuildConfiguration;
			buildSettings = {
				ALWAYS_SEARCH_USER_PATHS = NO;
				CLANG_ANALYZER_NONNULL = YES;
				CLANG_ANALYZER_NUMBER_OBJECT_CONVERSION = YES_AGGRESSIVE;
				CLANG_CXX_LANGUAGE_STANDARD = "gnu++14";
				CLANG_CXX_LIBRARY = "libc++";
				CLANG_ENABLE_MODULES = YES;
				CLANG_ENABLE_OBJC_ARC = YES;
				CLANG_ENABLE_OBJC_WEAK = YES;
				CLANG_WARN_BLOCK_CAPTURE_AUTORELEASING = YES;
				CLANG_WARN_BOOL_CONVERSION = YES;
				CLANG_WARN_COMMA = YES;
				CLANG_WARN_CONSTANT_CONVERSION = YES;
				CLANG_WARN_DEPRECATED_OBJC_IMPLEMENTATIONS = YES;
				CLANG_WARN_DIRECT_OBJC_ISA_USAGE = YES_ERROR;
				CLANG_WARN_DOCUMENTATION_COMMENTS = YES;
				CLANG_WARN_EMPTY_BODY = YES;
				CLANG_WARN_ENUM_CONVERSION = YES;
				CLANG_WARN_INFINITE_RECURSION = YES;
				CLANG_WARN_INT_CONVERSION = YES;
				CLANG_WARN_NON_LITERAL_NULL_CONVERSION = YES;
				CLANG_WARN_OBJC_IMPLICIT_RETAIN_SELF = YES;
				CLANG_WARN_OBJC_LITERAL_CONVERSION = YES;
				CLANG_WARN_OBJC_ROOT_CLASS = YES_ERROR;
				CLANG_WARN_QUOTED_INCLUDE_IN_FRAMEWORK_HEADER = YES;
				CLANG_WARN_RANGE_LOOP_ANALYSIS = YES;
				CLANG_WARN_STRICT_PROTOTYPES = YES;
				CLANG_WARN_SUSPICIOUS_MOVE = YES;
				CLANG_WARN_UNGUARDED_AVAILABILITY = YES_AGGRESSIVE;
				CLANG_WARN_UNREACHABLE_CODE = YES;
				CLANG_WARN__DUPLICATE_METHOD_MATCH = YES;
				COPY_PHASE_STRIP = NO;
				DEBUG_INFORMATION_FORMAT = "dwarf-with-dsym";
				ENABLE_NS_ASSERTIONS = NO;
				ENABLE_STRICT_OBJC_MSGSEND = YES;
				GCC_C_LANGUAGE_STANDARD = gnu11;
				GCC_NO_COMMON_BLOCKS = YES;
				GCC_WARN_64_TO_32_BIT_CONVERSION = YES;
				GCC_WARN_ABOUT_RETURN_TYPE = YES_ERROR;
				GCC_WARN_UNDECLARED_SELECTOR = YES;
				GCC_WARN_UNINITIALIZED_AUTOS = YES_AGGRESSIVE;
				GCC_WARN_UNUSED_FUNCTION = YES;
				GCC_WARN_UNUSED_VARIABLE = YES;
				IPHONEOS_DEPLOYMENT_TARGET = 14.1;
				MTL_ENABLE_DEBUG_INFO = NO;
				MTL_FAST_MATH = YES;
				SDKROOT = iphoneos;
				SWIFT_COMPILATION_MODE = wholemodule;
				SWIFT_OPTIMIZATION_LEVEL = "-O";
				VALIDATE_PRODUCT = YES;
			};
			name = Release;
		};
		9E523EE0255BDE7C0017A5D7 /* Debug */ = {
			isa = XCBuildConfiguration;
			baseConfigurationReference = 72896F14E1EF5FDE94DE6811 /* Pods-FirebasePhoneAuth.debug.xcconfig */;
			buildSettings = {
				ASSETCATALOG_COMPILER_APPICON_NAME = AppIcon;
				ASSETCATALOG_COMPILER_GLOBAL_ACCENT_COLOR_NAME = AccentColor;
				CODE_SIGN_STYLE = Automatic;
				DEVELOPMENT_ASSET_PATHS = "\"FirebasePhoneAuth/Preview Content\"";
				DEVELOPMENT_TEAM = 4YGTHSUB42;
				ENABLE_PREVIEWS = YES;
				INFOPLIST_FILE = FirebasePhoneAuth/Info.plist;
				IPHONEOS_DEPLOYMENT_TARGET = 14.0;
				LD_RUNPATH_SEARCH_PATHS = (
					"$(inherited)",
					"@executable_path/Frameworks",
				);
				PRODUCT_BUNDLE_IDENTIFIER = MaximMacari.FirebasePhoneAuth;
				PRODUCT_NAME = "$(TARGET_NAME)";
				SWIFT_VERSION = 5.0;
				TARGETED_DEVICE_FAMILY = "1,2";
			};
			name = Debug;
		};
		9E523EE1255BDE7C0017A5D7 /* Release */ = {
			isa = XCBuildConfiguration;
			baseConfigurationReference = 1DD3538A4F1CF78AF2F8C84F /* Pods-FirebasePhoneAuth.release.xcconfig */;
			buildSettings = {
				ASSETCATALOG_COMPILER_APPICON_NAME = AppIcon;
				ASSETCATALOG_COMPILER_GLOBAL_ACCENT_COLOR_NAME = AccentColor;
				CODE_SIGN_STYLE = Automatic;
				DEVELOPMENT_ASSET_PATHS = "\"FirebasePhoneAuth/Preview Content\"";
				DEVELOPMENT_TEAM = 4YGTHSUB42;
				ENABLE_PREVIEWS = YES;
				INFOPLIST_FILE = FirebasePhoneAuth/Info.plist;
				IPHONEOS_DEPLOYMENT_TARGET = 14.0;
				LD_RUNPATH_SEARCH_PATHS = (
					"$(inherited)",
					"@executable_path/Frameworks",
				);
				PRODUCT_BUNDLE_IDENTIFIER = MaximMacari.FirebasePhoneAuth;
				PRODUCT_NAME = "$(TARGET_NAME)";
				SWIFT_VERSION = 5.0;
				TARGETED_DEVICE_FAMILY = "1,2";
			};
			name = Release;
		};
/* End XCBuildConfiguration section */

/* Begin XCConfigurationList section */
		9E523ECB255BDE790017A5D7 /* Build configuration list for PBXProject "FirebasePhoneAuth" */ = {
			isa = XCConfigurationList;
			buildConfigurations = (
				9E523EDD255BDE7C0017A5D7 /* Debug */,
				9E523EDE255BDE7C0017A5D7 /* Release */,
			);
			defaultConfigurationIsVisible = 0;
			defaultConfigurationName = Release;
		};
		9E523EDF255BDE7C0017A5D7 /* Build configuration list for PBXNativeTarget "FirebasePhoneAuth" */ = {
			isa = XCConfigurationList;
			buildConfigurations = (
				9E523EE0255BDE7C0017A5D7 /* Debug */,
				9E523EE1255BDE7C0017A5D7 /* Release */,
			);
			defaultConfigurationIsVisible = 0;
			defaultConfigurationName = Release;
		};
/* End XCConfigurationList section */
	};
	rootObject = 9E523EC8255BDE790017A5D7 /* Project object */;
}
